// !$*UTF8*$!
{
	archiveVersion = 1;
	classes = {
	};
	objectVersion = 50;
	objects = {

/* Begin PBXBuildFile section */
		E3B98713216EB433008AE543 /* AppDelegate.swift in Sources */ = {isa = PBXBuildFile; fileRef = E3B98712216EB433008AE543 /* AppDelegate.swift */; };
		E3B98718216EB433008AE543 /* Main.storyboard in Resources */ = {isa = PBXBuildFile; fileRef = E3B98716216EB433008AE543 /* Main.storyboard */; };
		E3B9871A216EB43F008AE543 /* Assets.xcassets in Resources */ = {isa = PBXBuildFile; fileRef = E3B98719216EB43F008AE543 /* Assets.xcassets */; };
		E3B9871D216EB43F008AE543 /* LaunchScreen.storyboard in Resources */ = {isa = PBXBuildFile; fileRef = E3B9871B216EB43F008AE543 /* LaunchScreen.storyboard */; };
		E3B98729216EB88C008AE543 /* WordsListViewController.swift in Sources */ = {isa = PBXBuildFile; fileRef = E3B98728216EB88C008AE543 /* WordsListViewController.swift */; };
		E3B9872B216EB8A2008AE543 /* NewWordViewController.swift in Sources */ = {isa = PBXBuildFile; fileRef = E3B9872A216EB8A2008AE543 /* NewWordViewController.swift */; };
		E3B9872D216EB8B8008AE543 /* DetailViewController.swift in Sources */ = {isa = PBXBuildFile; fileRef = E3B9872C216EB8B8008AE543 /* DetailViewController.swift */; };
		E3B9872F216EC4CC008AE543 /* WordTableViewCell.swift in Sources */ = {isa = PBXBuildFile; fileRef = E3B9872E216EC4CC008AE543 /* WordTableViewCell.swift */; };
		E3B98731216F938D008AE543 /* Word.swift in Sources */ = {isa = PBXBuildFile; fileRef = E3B98730216F938D008AE543 /* Word.swift */; };
		E3B98733216F9BDE008AE543 /* DataManager.swift in Sources */ = {isa = PBXBuildFile; fileRef = E3B98732216F9BDE008AE543 /* DataManager.swift */; };
		E3B98735217017A8008AE543 /* LearnedWordsViewController.swift in Sources */ = {isa = PBXBuildFile; fileRef = E3B98734217017A8008AE543 /* LearnedWordsViewController.swift */; };
		E3B98737217017F2008AE543 /* LearnedWordTableViewCell.swift in Sources */ = {isa = PBXBuildFile; fileRef = E3B98736217017F2008AE543 /* LearnedWordTableViewCell.swift */; };
/* End PBXBuildFile section */

/* Begin PBXFileReference section */
		E3B9870F216EB433008AE543 /* HW_23_Vocabulary.app */ = {isa = PBXFileReference; explicitFileType = wrapper.application; includeInIndex = 0; path = HW_23_Vocabulary.app; sourceTree = BUILT_PRODUCTS_DIR; };
		E3B98712216EB433008AE543 /* AppDelegate.swift */ = {isa = PBXFileReference; lastKnownFileType = sourcecode.swift; path = AppDelegate.swift; sourceTree = "<group>"; };
		E3B98717216EB433008AE543 /* Base */ = {isa = PBXFileReference; lastKnownFileType = file.storyboard; name = Base; path = Base.lproj/Main.storyboard; sourceTree = "<group>"; };
		E3B98719216EB43F008AE543 /* Assets.xcassets */ = {isa = PBXFileReference; lastKnownFileType = folder.assetcatalog; path = Assets.xcassets; sourceTree = "<group>"; };
		E3B9871C216EB43F008AE543 /* Base */ = {isa = PBXFileReference; lastKnownFileType = file.storyboard; name = Base; path = Base.lproj/LaunchScreen.storyboard; sourceTree = "<group>"; };
		E3B9871E216EB43F008AE543 /* Info.plist */ = {isa = PBXFileReference; lastKnownFileType = text.plist.xml; path = Info.plist; sourceTree = "<group>"; };
		E3B98728216EB88C008AE543 /* WordsListViewController.swift */ = {isa = PBXFileReference; lastKnownFileType = sourcecode.swift; path = WordsListViewController.swift; sourceTree = "<group>"; };
		E3B9872A216EB8A2008AE543 /* NewWordViewController.swift */ = {isa = PBXFileReference; lastKnownFileType = sourcecode.swift; path = NewWordViewController.swift; sourceTree = "<group>"; };
		E3B9872C216EB8B8008AE543 /* DetailViewController.swift */ = {isa = PBXFileReference; lastKnownFileType = sourcecode.swift; path = DetailViewController.swift; sourceTree = "<group>"; };
		E3B9872E216EC4CC008AE543 /* WordTableViewCell.swift */ = {isa = PBXFileReference; lastKnownFileType = sourcecode.swift; path = WordTableViewCell.swift; sourceTree = "<group>"; };
		E3B98730216F938D008AE543 /* Word.swift */ = {isa = PBXFileReference; lastKnownFileType = sourcecode.swift; path = Word.swift; sourceTree = "<group>"; };
		E3B98732216F9BDE008AE543 /* DataManager.swift */ = {isa = PBXFileReference; lastKnownFileType = sourcecode.swift; path = DataManager.swift; sourceTree = "<group>"; };
		E3B98734217017A8008AE543 /* LearnedWordsViewController.swift */ = {isa = PBXFileReference; lastKnownFileType = sourcecode.swift; path = LearnedWordsViewController.swift; sourceTree = "<group>"; };
		E3B98736217017F2008AE543 /* LearnedWordTableViewCell.swift */ = {isa = PBXFileReference; lastKnownFileType = sourcecode.swift; path = LearnedWordTableViewCell.swift; sourceTree = "<group>"; };
/* End PBXFileReference section */

/* Begin PBXFrameworksBuildPhase section */
		E3B9870C216EB433008AE543 /* Frameworks */ = {
			isa = PBXFrameworksBuildPhase;
			buildActionMask = 2147483647;
			files = (
			);
			runOnlyForDeploymentPostprocessing = 0;
		};
/* End PBXFrameworksBuildPhase section */

/* Begin PBXGroup section */
		E3B98706216EB433008AE543 = {
			isa = PBXGroup;
			children = (
				E3B98711216EB433008AE543 /* HW_23_Vocabulary */,
				E3B98710216EB433008AE543 /* Products */,
			);
			sourceTree = "<group>";
		};
		E3B98710216EB433008AE543 /* Products */ = {
			isa = PBXGroup;
			children = (
				E3B9870F216EB433008AE543 /* HW_23_Vocabulary.app */,
			);
			name = Products;
			sourceTree = "<group>";
		};
		E3B98711216EB433008AE543 /* HW_23_Vocabulary */ = {
			isa = PBXGroup;
			children = (
				E3B98724216EB7B3008AE543 /* Model */,
				E3B98725216EB7C3008AE543 /* Views */,
				E3B98726216EB7CA008AE543 /* Controllers */,
				E3B98716216EB433008AE543 /* Main.storyboard */,
				E3B98727216EB7D1008AE543 /* Supporting files */,
			);
			path = HW_23_Vocabulary;
			sourceTree = "<group>";
		};
		E3B98724216EB7B3008AE543 /* Model */ = {
			isa = PBXGroup;
			children = (
				E3B98730216F938D008AE543 /* Word.swift */,
				E3B98732216F9BDE008AE543 /* DataManager.swift */,
			);
			path = Model;
			sourceTree = "<group>";
		};
		E3B98725216EB7C3008AE543 /* Views */ = {
			isa = PBXGroup;
			children = (
				E3B9872E216EC4CC008AE543 /* WordTableViewCell.swift */,
				E3B98736217017F2008AE543 /* LearnedWordTableViewCell.swift */,
			);
			path = Views;
			sourceTree = "<group>";
		};
		E3B98726216EB7CA008AE543 /* Controllers */ = {
			isa = PBXGroup;
			children = (
				E3B98728216EB88C008AE543 /* WordsListViewController.swift */,
				E3B98734217017A8008AE543 /* LearnedWordsViewController.swift */,
				E3B9872A216EB8A2008AE543 /* NewWordViewController.swift */,
				E3B9872C216EB8B8008AE543 /* DetailViewController.swift */,
			);
			path = Controllers;
			sourceTree = "<group>";
		};
		E3B98727216EB7D1008AE543 /* Supporting files */ = {
			isa = PBXGroup;
			children = (
				E3B98712216EB433008AE543 /* AppDelegate.swift */,
				E3B98719216EB43F008AE543 /* Assets.xcassets */,
				E3B9871B216EB43F008AE543 /* LaunchScreen.storyboard */,
				E3B9871E216EB43F008AE543 /* Info.plist */,
			);
			name = "Supporting files";
			sourceTree = "<group>";
		};
/* End PBXGroup section */

/* Begin PBXNativeTarget section */
		E3B9870E216EB433008AE543 /* HW_23_Vocabulary */ = {
			isa = PBXNativeTarget;
			buildConfigurationList = E3B98721216EB43F008AE543 /* Build configuration list for PBXNativeTarget "HW_23_Vocabulary" */;
			buildPhases = (
				E3B9870B216EB433008AE543 /* Sources */,
				E3B9870C216EB433008AE543 /* Frameworks */,
				E3B9870D216EB433008AE543 /* Resources */,
			);
			buildRules = (
			);
			dependencies = (
			);
			name = HW_23_Vocabulary;
			productName = HW_23_Vocabulary;
			productReference = E3B9870F216EB433008AE543 /* HW_23_Vocabulary.app */;
			productType = "com.apple.product-type.application";
		};
/* End PBXNativeTarget section */

/* Begin PBXProject section */
		E3B98707216EB433008AE543 /* Project object */ = {
			isa = PBXProject;
			attributes = {
				LastSwiftUpdateCheck = 0930;
				LastUpgradeCheck = 0930;
				ORGANIZATIONNAME = "Oleg Dynnikov";
				TargetAttributes = {
					E3B9870E216EB433008AE543 = {
						CreatedOnToolsVersion = 9.3;
					};
				};
			};
			buildConfigurationList = E3B9870A216EB433008AE543 /* Build configuration list for PBXProject "HW_23_Vocabulary" */;
			compatibilityVersion = "Xcode 9.3";
			developmentRegion = en;
			hasScannedForEncodings = 0;
			knownRegions = (
				en,
				Base,
			);
			mainGroup = E3B98706216EB433008AE543;
			productRefGroup = E3B98710216EB433008AE543 /* Products */;
			projectDirPath = "";
			projectRoot = "";
			targets = (
				E3B9870E216EB433008AE543 /* HW_23_Vocabulary */,
			);
		};
/* End PBXProject section */

/* Begin PBXResourcesBuildPhase section */
		E3B9870D216EB433008AE543 /* Resources */ = {
			isa = PBXResourcesBuildPhase;
			buildActionMask = 2147483647;
			files = (
				E3B9871D216EB43F008AE543 /* LaunchScreen.storyboard in Resources */,
				E3B9871A216EB43F008AE543 /* Assets.xcassets in Resources */,
				E3B98718216EB433008AE543 /* Main.storyboard in Resources */,
			);
			runOnlyForDeploymentPostprocessing = 0;
		};
/* End PBXResourcesBuildPhase section */

/* Begin PBXSourcesBuildPhase section */
		E3B9870B216EB433008AE543 /* Sources */ = {
			isa = PBXSourcesBuildPhase;
			buildActionMask = 2147483647;
			files = (
				E3B98737217017F2008AE543 /* LearnedWordTableViewCell.swift in Sources */,
				E3B98735217017A8008AE543 /* LearnedWordsViewController.swift in Sources */,
				E3B98729216EB88C008AE543 /* WordsListViewController.swift in Sources */,
				E3B98713216EB433008AE543 /* AppDelegate.swift in Sources */,
				E3B9872B216EB8A2008AE543 /* NewWordViewController.swift in Sources */,
				E3B98733216F9BDE008AE543 /* DataManager.swift in Sources */,
				E3B9872D216EB8B8008AE543 /* DetailViewController.swift in Sources */,
				E3B9872F216EC4CC008AE543 /* WordTableViewCell.swift in Sources */,
				E3B98731216F938D008AE543 /* Word.swift in Sources */,
			);
			runOnlyForDeploymentPostprocessing = 0;
		};
/* End PBXSourcesBuildPhase section */

/* Begin PBXVariantGroup section */
		E3B98716216EB433008AE543 /* Main.storyboard */ = {
			isa = PBXVariantGroup;
			children = (
				E3B98717216EB433008AE543 /* Base */,
			);
			name = Main.storyboard;
			sourceTree = "<group>";
		};
		E3B9871B216EB43F008AE543 /* LaunchScreen.storyboard */ = {
			isa = PBXVariantGroup;
			children = (
				E3B9871C216EB43F008AE543 /* Base */,
			);
			name = LaunchScreen.storyboard;
			sourceTree = "<group>";
		};
/* End PBXVariantGroup section */

/* Begin XCBuildConfiguration section */
		E3B9871F216EB43F008AE543 /* Debug */ = {
			isa = XCBuildConfiguration;
			buildSettings = {
				ALWAYS_SEARCH_USER_PATHS = NO;
				CLANG_ANALYZER_NONNULL = YES;
				CLANG_ANALYZER_NUMBER_OBJECT_CONVERSION = YES_AGGRESSIVE;
				CLANG_CXX_LANGUAGE_STANDARD = "gnu++14";
				CLANG_CXX_LIBRARY = "libc++";
				CLANG_ENABLE_MODULES = YES;
				CLANG_ENABLE_OBJC_ARC = YES;
				CLANG_ENABLE_OBJC_WEAK = YES;
				CLANG_WARN_BLOCK_CAPTURE_AUTORELEASING = YES;
				CLANG_WARN_BOOL_CONVERSION = YES;
				CLANG_WARN_COMMA = YES;
				CLANG_WARN_CONSTANT_CONVERSION = YES;
				CLANG_WARN_DEPRECATED_OBJC_IMPLEMENTATIONS = YES;
				CLANG_WARN_DIRECT_OBJC_ISA_USAGE = YES_ERROR;
				CLANG_WARN_DOCUMENTATION_COMMENTS = YES;
				CLANG_WARN_EMPTY_BODY = YES;
				CLANG_WARN_ENUM_CONVERSION = YES;
				CLANG_WARN_INFINITE_RECURSION = YES;
				CLANG_WARN_INT_CONVERSION = YES;
				CLANG_WARN_NON_LITERAL_NULL_CONVERSION = YES;
				CLANG_WARN_OBJC_IMPLICIT_RETAIN_SELF = YES;
				CLANG_WARN_OBJC_LITERAL_CONVERSION = YES;
				CLANG_WARN_OBJC_ROOT_CLASS = YES_ERROR;
				CLANG_WARN_RANGE_LOOP_ANALYSIS = YES;
				CLANG_WARN_STRICT_PROTOTYPES = YES;
				CLANG_WARN_SUSPICIOUS_MOVE = YES;
				CLANG_WARN_UNGUARDED_AVAILABILITY = YES_AGGRESSIVE;
				CLANG_WARN_UNREACHABLE_CODE = YES;
				CLANG_WARN__DUPLICATE_METHOD_MATCH = YES;
				CODE_SIGN_IDENTITY = "iPhone Developer";
				COPY_PHASE_STRIP = NO;
				DEBUG_INFORMATION_FORMAT = dwarf;
				ENABLE_STRICT_OBJC_MSGSEND = YES;
				ENABLE_TESTABILITY = YES;
				GCC_C_LANGUAGE_STANDARD = gnu11;
				GCC_DYNAMIC_NO_PIC = NO;
				GCC_NO_COMMON_BLOCKS = YES;
				GCC_OPTIMIZATION_LEVEL = 0;
				GCC_PREPROCESSOR_DEFINITIONS = (
					"DEBUG=1",
					"$(inherited)",
				);
				GCC_WARN_64_TO_32_BIT_CONVERSION = YES;
				GCC_WARN_ABOUT_RETURN_TYPE = YES_ERROR;
				GCC_WARN_UNDECLARED_SELECTOR = YES;
				GCC_WARN_UNINITIALIZED_AUTOS = YES_AGGRESSIVE;
				GCC_WARN_UNUSED_FUNCTION = YES;
				GCC_WARN_UNUSED_VARIABLE = YES;
				IPHONEOS_DEPLOYMENT_TARGET = 11.3;
				MTL_ENABLE_DEBUG_INFO = YES;
				ONLY_ACTIVE_ARCH = YES;
				SDKROOT = iphoneos;
				SWIFT_ACTIVE_COMPILATION_CONDITIONS = DEBUG;
				SWIFT_OPTIMIZATION_LEVEL = "-Onone";
			};
			name = Debug;
		};
		E3B98720216EB43F008AE543 /* Release */ = {
			isa = XCBuildConfiguration;
			buildSettings = {
				ALWAYS_SEARCH_USER_PATHS = NO;
				CLANG_ANALYZER_NONNULL = YES;
				CLANG_ANALYZER_NUMBER_OBJECT_CONVERSION = YES_AGGRESSIVE;
				CLANG_CXX_LANGUAGE_STANDARD = "gnu++14";
				CLANG_CXX_LIBRARY = "libc++";
				CLANG_ENABLE_MODULES = YES;
				CLANG_ENABLE_OBJC_ARC = YES;
				CLANG_ENABLE_OBJC_WEAK = YES;
				CLANG_WARN_BLOCK_CAPTURE_AUTORELEASING = YES;
				CLANG_WARN_BOOL_CONVERSION = YES;
				CLANG_WARN_COMMA = YES;
				CLANG_WARN_CONSTANT_CONVERSION = YES;
				CLANG_WARN_DEPRECATED_OBJC_IMPLEMENTATIONS = YES;
				CLANG_WARN_DIRECT_OBJC_ISA_USAGE = YES_ERROR;
				CLANG_WARN_DOCUMENTATION_COMMENTS = YES;
				CLANG_WARN_EMPTY_BODY = YES;
				CLANG_WARN_ENUM_CONVERSION = YES;
				CLANG_WARN_INFINITE_RECURSION = YES;
				CLANG_WARN_INT_CONVERSION = YES;
				CLANG_WARN_NON_LITERAL_NULL_CONVERSION = YES;
				CLANG_WARN_OBJC_IMPLICIT_RETAIN_SELF = YES;
				CLANG_WARN_OBJC_LITERAL_CONVERSION = YES;
				CLANG_WARN_OBJC_ROOT_CLASS = YES_ERROR;
				CLANG_WARN_RANGE_LOOP_ANALYSIS = YES;
				CLANG_WARN_STRICT_PROTOTYPES = YES;
				CLANG_WARN_SUSPICIOUS_MOVE = YES;
				CLANG_WARN_UNGUARDED_AVAILABILITY = YES_AGGRESSIVE;
				CLANG_WARN_UNREACHABLE_CODE = YES;
				CLANG_WARN__DUPLICATE_METHOD_MATCH = YES;
				CODE_SIGN_IDENTITY = "iPhone Developer";
				COPY_PHASE_STRIP = NO;
				DEBUG_INFORMATION_FORMAT = "dwarf-with-dsym";
				ENABLE_NS_ASSERTIONS = NO;
				ENABLE_STRICT_OBJC_MSGSEND = YES;
				GCC_C_LANGUAGE_STANDARD = gnu11;
				GCC_NO_COMMON_BLOCKS = YES;
				GCC_WARN_64_TO_32_BIT_CONVERSION = YES;
				GCC_WARN_ABOUT_RETURN_TYPE = YES_ERROR;
				GCC_WARN_UNDECLARED_SELECTOR = YES;
				GCC_WARN_UNINITIALIZED_AUTOS = YES_AGGRESSIVE;
				GCC_WARN_UNUSED_FUNCTION = YES;
				GCC_WARN_UNUSED_VARIABLE = YES;
				IPHONEOS_DEPLOYMENT_TARGET = 11.3;
				MTL_ENABLE_DEBUG_INFO = NO;
				SDKROOT = iphoneos;
				SWIFT_COMPILATION_MODE = wholemodule;
				SWIFT_OPTIMIZATION_LEVEL = "-O";
				VALIDATE_PRODUCT = YES;
			};
			name = Release;
		};
		E3B98722216EB43F008AE543 /* Debug */ = {
			isa = XCBuildConfiguration;
			buildSettings = {
				ASSETCATALOG_COMPILER_APPICON_NAME = AppIcon;
				CODE_SIGN_STYLE = Automatic;
				DEVELOPMENT_TEAM = 7DHY489D4E;
				INFOPLIST_FILE = HW_23_Vocabulary/Info.plist;
				LD_RUNPATH_SEARCH_PATHS = (
					"$(inherited)",
					"@executable_path/Frameworks",
				);
				PRODUCT_BUNDLE_IDENTIFIER = "IM.HW-23-Vocabulary";
				PRODUCT_NAME = "$(TARGET_NAME)";
				SWIFT_VERSION = 4.0;
				TARGETED_DEVICE_FAMILY = "1,2";
			};
			name = Debug;
		};
		E3B98723216EB43F008AE543 /* Release */ = {
			isa = XCBuildConfiguration;
			buildSettings = {
				ASSETCATALOG_COMPILER_APPICON_NAME = AppIcon;
				CODE_SIGN_STYLE = Automatic;
				DEVELOPMENT_TEAM = 7DHY489D4E;
				INFOPLIST_FILE = HW_23_Vocabulary/Info.plist;
				LD_RUNPATH_SEARCH_PATHS = (
					"$(inherited)",
					"@executable_path/Frameworks",
				);
				PRODUCT_BUNDLE_IDENTIFIER = "IM.HW-23-Vocabulary";
				PRODUCT_NAME = "$(TARGET_NAME)";
				SWIFT_VERSION = 4.0;
				TARGETED_DEVICE_FAMILY = "1,2";
			};
			name = Release;
		};
/* End XCBuildConfiguration section */

/* Begin XCConfigurationList section */
		E3B9870A216EB433008AE543 /* Build configuration list for PBXProject "HW_23_Vocabulary" */ = {
			isa = XCConfigurationList;
			buildConfigurations = (
				E3B9871F216EB43F008AE543 /* Debug */,
				E3B98720216EB43F008AE543 /* Release */,
			);
			defaultConfigurationIsVisible = 0;
			defaultConfigurationName = Release;
		};
		E3B98721216EB43F008AE543 /* Build configuration list for PBXNativeTarget "HW_23_Vocabulary" */ = {
			isa = XCConfigurationList;
			buildConfigurations = (
				E3B98722216EB43F008AE543 /* Debug */,
				E3B98723216EB43F008AE543 /* Release */,
			);
			defaultConfigurationIsVisible = 0;
			defaultConfigurationName = Release;
		};
/* End XCConfigurationList section */
	};
	rootObject = E3B98707216EB433008AE543 /* Project object */;
}
